// !$*UTF8*$!
{
	archiveVersion = 1;
	classes = {
	};
	objectVersion = 46;
	objects = {

/* Begin PBXBuildFile section */
		67BB76D21D67CB030018B478 /* AppDelegate.swift in Sources */ = {isa = PBXBuildFile; fileRef = 67BB76D11D67CB030018B478 /* AppDelegate.swift */; };
		67BB76D41D67CB030018B478 /* ViewController.swift in Sources */ = {isa = PBXBuildFile; fileRef = 67BB76D31D67CB030018B478 /* ViewController.swift */; };
		67BB76D71D67CB030018B478 /* Main.storyboard in Resources */ = {isa = PBXBuildFile; fileRef = 67BB76D51D67CB030018B478 /* Main.storyboard */; };
		67BB76D91D67CB030018B478 /* Assets.xcassets in Resources */ = {isa = PBXBuildFile; fileRef = 67BB76D81D67CB030018B478 /* Assets.xcassets */; };
		67BB76DC1D67CB030018B478 /* LaunchScreen.storyboard in Resources */ = {isa = PBXBuildFile; fileRef = 67BB76DA1D67CB030018B478 /* LaunchScreen.storyboard */; };
/* End PBXBuildFile section */

/* Begin PBXFileReference section */
		67BB76CE1D67CB030018B478 /* swiftMapLocation.app */ = {isa = PBXFileReference; explicitFileType = wrapper.application; includeInIndex = 0; path = swiftMapLocation.app; sourceTree = BUILT_PRODUCTS_DIR; };
		67BB76D11D67CB030018B478 /* AppDelegate.swift */ = {isa = PBXFileReference; lastKnownFileType = sourcecode.swift; path = AppDelegate.swift; sourceTree = "<group>"; };
		67BB76D31D67CB030018B478 /* ViewController.swift */ = {isa = PBXFileReference; lastKnownFileType = sourcecode.swift; path = ViewController.swift; sourceTree = "<group>"; };
		67BB76D61D67CB030018B478 /* Base */ = {isa = PBXFileReference; lastKnownFileType = file.storyboard; name = Base; path = Base.lproj/Main.storyboard; sourceTree = "<group>"; };
		67BB76D81D67CB030018B478 /* Assets.xcassets */ = {isa = PBXFileReference; lastKnownFileType = folder.assetcatalog; path = Assets.xcassets; sourceTree = "<group>"; };
		67BB76DB1D67CB030018B478 /* Base */ = {isa = PBXFileReference; lastKnownFileType = file.storyboard; name = Base; path = Base.lproj/LaunchScreen.storyboard; sourceTree = "<group>"; };
		67BB76DD1D67CB030018B478 /* Info.plist */ = {isa = PBXFileReference; lastKnownFileType = text.plist.xml; path = Info.plist; sourceTree = "<group>"; };
/* End PBXFileReference section */

/* Begin PBXFrameworksBuildPhase section */
		67BB76CB1D67CB030018B478 /* Frameworks */ = {
			isa = PBXFrameworksBuildPhase;
			buildActionMask = 2147483647;
			files = (
			);
			runOnlyForDeploymentPostprocessing = 0;
		};
/* End PBXFrameworksBuildPhase section */

/* Begin PBXGroup section */
		67BB76C51D67CB030018B478 = {
			isa = PBXGroup;
			children = (
				67BB76D01D67CB030018B478 /* swiftMapLocation */,
				67BB76CF1D67CB030018B478 /* Products */,
			);
			sourceTree = "<group>";
		};
		67BB76CF1D67CB030018B478 /* Products */ = {
			isa = PBXGroup;
			children = (
				67BB76CE1D67CB030018B478 /* swiftMapLocation.app */,
			);
			name = Products;
			sourceTree = "<group>";
		};
		67BB76D01D67CB030018B478 /* swiftMapLocation */ = {
			isa = PBXGroup;
			children = (
				67BB76D11D67CB030018B478 /* AppDelegate.swift */,
				67BB76D31D67CB030018B478 /* ViewController.swift */,
				67BB76D51D67CB030018B478 /* Main.storyboard */,
				67BB76D81D67CB030018B478 /* Assets.xcassets */,
				67BB76DA1D67CB030018B478 /* LaunchScreen.storyboard */,
				67BB76DD1D67CB030018B478 /* Info.plist */,
			);
			path = swiftMapLocation;
			sourceTree = "<group>";
		};
/* End PBXGroup section */

/* Begin PBXNativeTarget section */
		67BB76CD1D67CB030018B478 /* swiftMapLocation */ = {
			isa = PBXNativeTarget;
			buildConfigurationList = 67BB76E01D67CB030018B478 /* Build configuration list for PBXNativeTarget "swiftMapLocation" */;
			buildPhases = (
				67BB76CA1D67CB030018B478 /* Sources */,
				67BB76CB1D67CB030018B478 /* Frameworks */,
				67BB76CC1D67CB030018B478 /* Resources */,
			);
			buildRules = (
			);
			dependencies = (
			);
			name = swiftMapLocation;
			productName = swiftMapLocation;
			productReference = 67BB76CE1D67CB030018B478 /* swiftMapLocation.app */;
			productType = "com.apple.product-type.application";
		};
/* End PBXNativeTarget section */

/* Begin PBXProject section */
		67BB76C61D67CB030018B478 /* Project object */ = {
			isa = PBXProject;
			attributes = {
				LastSwiftUpdateCheck = 0730;
				LastUpgradeCheck = 0730;
				ORGANIZATIONNAME = IFSP;
				TargetAttributes = {
					67BB76CD1D67CB030018B478 = {
						CreatedOnToolsVersion = 7.3.1;
					};
				};
			};
			buildConfigurationList = 67BB76C91D67CB030018B478 /* Build configuration list for PBXProject "swiftMapLocation" */;
			compatibilityVersion = "Xcode 3.2";
			developmentRegion = English;
			hasScannedForEncodings = 0;
			knownRegions = (
				en,
				Base,
			);
			mainGroup = 67BB76C51D67CB030018B478;
			productRefGroup = 67BB76CF1D67CB030018B478 /* Products */;
			projectDirPath = "";
			projectRoot = "";
			targets = (
				67BB76CD1D67CB030018B478 /* swiftMapLocation */,
			);
		};
/* End PBXProject section */

/* Begin PBXResourcesBuildPhase section */
		67BB76CC1D67CB030018B478 /* Resources */ = {
			isa = PBXResourcesBuildPhase;
			buildActionMask = 2147483647;
			files = (
				67BB76DC1D67CB030018B478 /* LaunchScreen.storyboard in Resources */,
				67BB76D91D67CB030018B478 /* Assets.xcassets in Resources */,
				67BB76D71D67CB030018B478 /* Main.storyboard in Resources */,
			);
			runOnlyForDeploymentPostprocessing = 0;
		};
/* End PBXResourcesBuildPhase section */

/* Begin PBXSourcesBuildPhase section */
		67BB76CA1D67CB030018B478 /* Sources */ = {
			isa = PBXSourcesBuildPhase;
			buildActionMask = 2147483647;
			files = (
				67BB76D41D67CB030018B478 /* ViewController.swift in Sources */,
				67BB76D21D67CB030018B478 /* AppDelegate.swift in Sources */,
			);
			runOnlyForDeploymentPostprocessing = 0;
		};
/* End PBXSourcesBuildPhase section */

/* Begin PBXVariantGroup section */
		67BB76D51D67CB030018B478 /* Main.storyboard */ = {
			isa = PBXVariantGroup;
			children = (
				67BB76D61D67CB030018B478 /* Base */,
			);
			name = Main.storyboard;
			sourceTree = "<group>";
		};
		67BB76DA1D67CB030018B478 /* LaunchScreen.storyboard */ = {
			isa = PBXVariantGroup;
			children = (
				67BB76DB1D67CB030018B478 /* Base */,
			);
			name = LaunchScreen.storyboard;
			sourceTree = "<group>";
		};
/* End PBXVariantGroup section */

/* Begin XCBuildConfiguration section */
		67BB76DE1D67CB030018B478 /* Debug */ = {
			isa = XCBuildConfiguration;
			buildSettings = {
				ALWAYS_SEARCH_USER_PATHS = NO;
				CLANG_ANALYZER_NONNULL = YES;
				CLANG_CXX_LANGUAGE_STANDARD = "gnu++0x";
				CLANG_CXX_LIBRARY = "libc++";
				CLANG_ENABLE_MODULES = YES;
				CLANG_ENABLE_OBJC_ARC = YES;
				CLANG_WARN_BOOL_CONVERSION = YES;
				CLANG_WARN_CONSTANT_CONVERSION = YES;
				CLANG_WARN_DIRECT_OBJC_ISA_USAGE = YES_ERROR;
				CLANG_WARN_EMPTY_BODY = YES;
				CLANG_WARN_ENUM_CONVERSION = YES;
				CLANG_WARN_INT_CONVERSION = YES;
				CLANG_WARN_OBJC_ROOT_CLASS = YES_ERROR;
				CLANG_WARN_UNREACHABLE_CODE = YES;
				CLANG_WARN__DUPLICATE_METHOD_MATCH = YES;
				"CODE_SIGN_IDENTITY[sdk=iphoneos*]" = "iPhone Developer";
				COPY_PHASE_STRIP = NO;
				DEBUG_INFORMATION_FORMAT = dwarf;
				ENABLE_STRICT_OBJC_MSGSEND = YES;
				ENABLE_TESTABILITY = YES;
				GCC_C_LANGUAGE_STANDARD = gnu99;
				GCC_DYNAMIC_NO_PIC = NO;
				GCC_NO_COMMON_BLOCKS = YES;
				GCC_OPTIMIZATION_LEVEL = 0;
				GCC_PREPROCESSOR_DEFINITIONS = (
					"DEBUG=1",
					"$(inherited)",
				);
				GCC_WARN_64_TO_32_BIT_CONVERSION = YES;
				GCC_WARN_ABOUT_RETURN_TYPE = YES_ERROR;
				GCC_WARN_UNDECLARED_SELECTOR = YES;
				GCC_WARN_UNINITIALIZED_AUTOS = YES_AGGRESSIVE;
				GCC_WARN_UNUSED_FUNCTION = YES;
				GCC_WARN_UNUSED_VARIABLE = YES;
				IPHONEOS_DEPLOYMENT_TARGET = 9.3;
				MTL_ENABLE_DEBUG_INFO = YES;
				ONLY_ACTIVE_ARCH = YES;
				SDKROOT = iphoneos;
				SWIFT_OPTIMIZATION_LEVEL = "-Onone";
			};
			name = Debug;
		};
		67BB76DF1D67CB030018B478 /* Release */ = {
			isa = XCBuildConfiguration;
			buildSettings = {
				ALWAYS_SEARCH_USER_PATHS = NO;
				CLANG_ANALYZER_NONNULL = YES;
				CLANG_CXX_LANGUAGE_STANDARD = "gnu++0x";
				CLANG_CXX_LIBRARY = "libc++";
				CLANG_ENABLE_MODULES = YES;
				CLANG_ENABLE_OBJC_ARC = YES;
				CLANG_WARN_BOOL_CONVERSION = YES;
				CLANG_WARN_CONSTANT_CONVERSION = YES;
				CLANG_WARN_DIRECT_OBJC_ISA_USAGE = YES_ERROR;
				CLANG_WARN_EMPTY_BODY = YES;
				CLANG_WARN_ENUM_CONVERSION = YES;
				CLANG_WARN_INT_CONVERSION = YES;
				CLANG_WARN_OBJC_ROOT_CLASS = YES_ERROR;
				CLANG_WARN_UNREACHABLE_CODE = YES;
				CLANG_WARN__DUPLICATE_METHOD_MATCH = YES;
				"CODE_SIGN_IDENTITY[sdk=iphoneos*]" = "iPhone Developer";
				COPY_PHASE_STRIP = NO;
				DEBUG_INFORMATION_FORMAT = "dwarf-with-dsym";
				ENABLE_NS_ASSERTIONS = NO;
				ENABLE_STRICT_OBJC_MSGSEND = YES;
				GCC_C_LANGUAGE_STANDARD = gnu99;
				GCC_NO_COMMON_BLOCKS = YES;
				GCC_WARN_64_TO_32_BIT_CONVERSION = YES;
				GCC_WARN_ABOUT_RETURN_TYPE = YES_ERROR;
				GCC_WARN_UNDECLARED_SELECTOR = YES;
				GCC_WARN_UNINITIALIZED_AUTOS = YES_AGGRESSIVE;
				GCC_WARN_UNUSED_FUNCTION = YES;
				GCC_WARN_UNUSED_VARIABLE = YES;
				IPHONEOS_DEPLOYMENT_TARGET = 9.3;
				MTL_ENABLE_DEBUG_INFO = NO;
				SDKROOT = iphoneos;
				VALIDATE_PRODUCT = YES;
			};
			name = Release;
		};
		67BB76E11D67CB030018B478 /* Debug */ = {
			isa = XCBuildConfiguration;
			buildSettings = {
				ASSETCATALOG_COMPILER_APPICON_NAME = AppIcon;
				INFOPLIST_FILE = swiftMapLocation/Info.plist;
				LD_RUNPATH_SEARCH_PATHS = "$(inherited) @executable_path/Frameworks";
				PRODUCT_BUNDLE_IDENTIFIER = br.edu.ifspsaocarlos.swiftMapLocation;
				PRODUCT_NAME = "$(TARGET_NAME)";
			};
			name = Debug;
		};
		67BB76E21D67CB030018B478 /* Release */ = {
			isa = XCBuildConfiguration;
			buildSettings = {
				ASSETCATALOG_COMPILER_APPICON_NAME = AppIcon;
				INFOPLIST_FILE = swiftMapLocation/Info.plist;
				LD_RUNPATH_SEARCH_PATHS = "$(inherited) @executable_path/Frameworks";
				PRODUCT_BUNDLE_IDENTIFIER = br.edu.ifspsaocarlos.swiftMapLocation;
				PRODUCT_NAME = "$(TARGET_NAME)";
			};
			name = Release;
		};
/* End XCBuildConfiguration section */

/* Begin XCConfigurationList section */
		67BB76C91D67CB030018B478 /* Build configuration list for PBXProject "swiftMapLocation" */ = {
			isa = XCConfigurationList;
			buildConfigurations = (
				67BB76DE1D67CB030018B478 /* Debug */,
				67BB76DF1D67CB030018B478 /* Release */,
			);
			defaultConfigurationIsVisible = 0;
			defaultConfigurationName = Release;
		};
		67BB76E01D67CB030018B478 /* Build configuration list for PBXNativeTarget "swiftMapLocation" */ = {
			isa = XCConfigurationList;
			buildConfigurations = (
				67BB76E11D67CB030018B478 /* Debug */,
				67BB76E21D67CB030018B478 /* Release */,
			);
			defaultConfigurationIsVisible = 0;
		};
/* End XCConfigurationList section */
	};
	rootObject = 67BB76C61D67CB030018B478 /* Project object */;
}
